
Microsoft Visual Studio Solution File, Format Version 12.00
# Visual Studio 15
VisualStudioVersion = 15.0.28307.421
MinimumVisualStudioVersion = 10.0.40219.1
Project("{FAE04EC0-301F-11D3-BF4B-00C04F79EFBC}") = "Prueba.Servicios", "Prueba.Servicios\Prueba.Servicios.csproj", "{17165FFE-4995-4E8B-8E83-52DB06BAE021}"
EndProject
Project("{FAE04EC0-301F-11D3-BF4B-00C04F79EFBC}") = "Prueba.Cliente", "Prueba.Cliente\Prueba.Cliente.csproj", "{3FF53B1A-8EBF-452F-948B-35E074AE38CE}"
	ProjectSection(ProjectDependencies) = postProject
		{17165FFE-4995-4E8B-8E83-52DB06BAE021} = {17165FFE-4995-4E8B-8E83-52DB06BAE021}
	EndProjectSection
EndProject
Global
	GlobalSection(SolutionConfigurationPlatforms) = preSolution
		Debug|Any CPU = Debug|Any CPU
		Release|Any CPU = Release|Any CPU
	EndGlobalSection
	GlobalSection(ProjectConfigurationPlatforms) = postSolution
		{17165FFE-4995-4E8B-8E83-52DB06BAE021}.Debug|Any CPU.ActiveCfg = Debug|Any CPU
		{17165FFE-4995-4E8B-8E83-52DB06BAE021}.Debug|Any CPU.Build.0 = Debug|Any CPU
		{17165FFE-4995-4E8B-8E83-52DB06BAE021}.Release|Any CPU.ActiveCfg = Release|Any CPU
		{17165FFE-4995-4E8B-8E83-52DB06BAE021}.Release|Any CPU.Build.0 = Release|Any CPU
		{3FF53B1A-8EBF-452F-948B-35E074AE38CE}.Debug|Any CPU.ActiveCfg = Debug|Any CPU
		{3FF53B1A-8EBF-452F-948B-35E074AE38CE}.Debug|Any CPU.Build.0 = Debug|Any CPU
		{3FF53B1A-8EBF-452F-948B-35E074AE38CE}.Release|Any CPU.ActiveCfg = Release|Any CPU
		{3FF53B1A-8EBF-452F-948B-35E074AE38CE}.Release|Any CPU.Build.0 = Release|Any CPU
	EndGlobalSection
	GlobalSection(SolutionProperties) = preSolution
		HideSolutionNode = FALSE
	EndGlobalSection
	GlobalSection(ExtensibilityGlobals) = postSolution
		SolutionGuid = {81003728-64F7-4D84-80B7-0F3E1DDCE440}
	EndGlobalSection
EndGlobal
